
Microsoft Visual Studio Solution File, Format Version 12.00
# Visual Studio Version 17
VisualStudioVersion = 17.9.34701.34
MinimumVisualStudioVersion = 10.0.40219.1
Project("{FAE04EC0-301F-11D3-BF4B-00C04F79EFBC}") = "DTOGenerator", "DTOGenerator\DTOGenerator.csproj", "{8BA37BD6-1C77-42D5-93C6-9E90E9743C51}"
EndProject
Global
	GlobalSection(SolutionConfigurationPlatforms) = preSolution
		Debug|Any CPU = Debug|Any CPU
		Release|Any CPU = Release|Any CPU
	EndGlobalSection
	GlobalSection(ProjectConfigurationPlatforms) = postSolution
		{8BA37BD6-1C77-42D5-93C6-9E90E9743C51}.Debug|Any CPU.ActiveCfg = Debug|Any CPU
		{8BA37BD6-1C77-42D5-93C6-9E90E9743C51}.Debug|Any CPU.Build.0 = Debug|Any CPU
		{8BA37BD6-1C77-42D5-93C6-9E90E9743C51}.Release|Any CPU.ActiveCfg = Release|Any CPU
		{8BA37BD6-1C77-42D5-93C6-9E90E9743C51}.Release|Any CPU.Build.0 = Release|Any CPU
	EndGlobalSection
	GlobalSection(SolutionProperties) = preSolution
		HideSolutionNode = FALSE
	EndGlobalSection
	GlobalSection(ExtensibilityGlobals) = postSolution
		SolutionGuid = {F3BECA02-55B4-4D8E-BBF0-970121567C7F}
	EndGlobalSection
EndGlobal
